
Microsoft Visual Studio Solution File, Format Version 12.00
Project("{FAE04EC0-301F-11D3-BF4B-00C04F79EFBC}") = "Avans.DPAT.Sudoku.Persistence", "src\Avans.DPAT.Sudoku.Persistence\Avans.DPAT.Sudoku.Persistence.csproj", "{A2FF2F73-E81C-4C78-BADE-9AF7A4981A71}"
EndProject
Project("{2150E333-8FDC-42A3-9474-1A3956D46DE8}") = "src", "src", "{D73D7E2C-1E2A-41E7-B2FE-B827D74ED862}"
EndProject
Project("{FAE04EC0-301F-11D3-BF4B-00C04F79EFBC}") = "Avans.DPAT.Sudoku.Game", "src\Avans.DPAT.Sudoku.Game\Avans.DPAT.Sudoku.Game.csproj", "{3C763E30-42DE-4FBB-8824-D38ABA4DF61D}"
EndProject
Project("{FAE04EC0-301F-11D3-BF4B-00C04F79EFBC}") = "Avans.DPAT.Sudoku.Console", "src\Avans.DPAT.Sudoku.Console\Avans.DPAT.Sudoku.Console.csproj", "{A4E5658C-939E-4572-8FA3-CB4D37BA21D4}"
EndProject
Project("{2150E333-8FDC-42A3-9474-1A3956D46DE8}") = "tests", "tests", "{30752BD7-6706-49BC-BA29-ED34BBDFD01D}"
EndProject
Project("{FAE04EC0-301F-11D3-BF4B-00C04F79EFBC}") = "Avans.DPAT.Sudoku.Persistence.Tests", "tests\Avans.DPAT.Sudoku.Persistence.Tests\Avans.DPAT.Sudoku.Persistence.Tests.csproj", "{CEC0729F-75AE-453F-8D29-93E3E71B2179}"
EndProject
Global
	GlobalSection(SolutionConfigurationPlatforms) = preSolution
		Debug|Any CPU = Debug|Any CPU
		Release|Any CPU = Release|Any CPU
	EndGlobalSection
	GlobalSection(ProjectConfigurationPlatforms) = postSolution
		{A2FF2F73-E81C-4C78-BADE-9AF7A4981A71}.Debug|Any CPU.ActiveCfg = Debug|Any CPU
		{A2FF2F73-E81C-4C78-BADE-9AF7A4981A71}.Debug|Any CPU.Build.0 = Debug|Any CPU
		{A2FF2F73-E81C-4C78-BADE-9AF7A4981A71}.Release|Any CPU.ActiveCfg = Release|Any CPU
		{A2FF2F73-E81C-4C78-BADE-9AF7A4981A71}.Release|Any CPU.Build.0 = Release|Any CPU
		{3C763E30-42DE-4FBB-8824-D38ABA4DF61D}.Debug|Any CPU.ActiveCfg = Debug|Any CPU
		{3C763E30-42DE-4FBB-8824-D38ABA4DF61D}.Debug|Any CPU.Build.0 = Debug|Any CPU
		{3C763E30-42DE-4FBB-8824-D38ABA4DF61D}.Release|Any CPU.ActiveCfg = Release|Any CPU
		{3C763E30-42DE-4FBB-8824-D38ABA4DF61D}.Release|Any CPU.Build.0 = Release|Any CPU
		{A4E5658C-939E-4572-8FA3-CB4D37BA21D4}.Debug|Any CPU.ActiveCfg = Debug|Any CPU
		{A4E5658C-939E-4572-8FA3-CB4D37BA21D4}.Debug|Any CPU.Build.0 = Debug|Any CPU
		{A4E5658C-939E-4572-8FA3-CB4D37BA21D4}.Release|Any CPU.ActiveCfg = Release|Any CPU
		{A4E5658C-939E-4572-8FA3-CB4D37BA21D4}.Release|Any CPU.Build.0 = Release|Any CPU
		{CEC0729F-75AE-453F-8D29-93E3E71B2179}.Debug|Any CPU.ActiveCfg = Debug|Any CPU
		{CEC0729F-75AE-453F-8D29-93E3E71B2179}.Debug|Any CPU.Build.0 = Debug|Any CPU
		{CEC0729F-75AE-453F-8D29-93E3E71B2179}.Release|Any CPU.ActiveCfg = Release|Any CPU
		{CEC0729F-75AE-453F-8D29-93E3E71B2179}.Release|Any CPU.Build.0 = Release|Any CPU
	EndGlobalSection
	GlobalSection(NestedProjects) = preSolution
		{A2FF2F73-E81C-4C78-BADE-9AF7A4981A71} = {D73D7E2C-1E2A-41E7-B2FE-B827D74ED862}
		{3C763E30-42DE-4FBB-8824-D38ABA4DF61D} = {D73D7E2C-1E2A-41E7-B2FE-B827D74ED862}
		{A4E5658C-939E-4572-8FA3-CB4D37BA21D4} = {D73D7E2C-1E2A-41E7-B2FE-B827D74ED862}
		{CEC0729F-75AE-453F-8D29-93E3E71B2179} = {30752BD7-6706-49BC-BA29-ED34BBDFD01D}
	EndGlobalSection
EndGlobal
